
Microsoft Visual Studio Solution File, Format Version 12.00
# Visual Studio Version 16
VisualStudioVersion = 16.0.32126.315
MinimumVisualStudioVersion = 10.0.40219.1
Project("{FAE04EC0-301F-11D3-BF4B-00C04F79EFBC}") = "WeaponPatch_Untitled", "WeaponPatch_Untitled\WeaponPatch_Untitled.csproj", "{77F022A5-A001-4182-88B0-EF8D509BCC5E}"
EndProject
Project("{2150E333-8FDC-42A3-9474-1A3956D46DE8}") = "Solution Items", "Solution Items", "{E7C96457-E7DE-4771-BFEF-96598886610A}"
	ProjectSection(SolutionItems) = preProject
		.editorconfig = .editorconfig
	EndProjectSection
EndProject
Project("{FAE04EC0-301F-11D3-BF4B-00C04F79EFBC}") = "UntitledPatch", "UntitledPatch\UntitledPatch.csproj", "{AFB5A221-9DA4-457D-8321-0740D1C1F136}"
EndProject
Project("{FAE04EC0-301F-11D3-BF4B-00C04F79EFBC}") = "WeaponPatch_Default", "WeaponPatch_Default\WeaponPatch_Default.csproj", "{A3A04F03-B825-4DD2-82B7-478212272558}"
EndProject
Global
	GlobalSection(SolutionConfigurationPlatforms) = preSolution
		Beta|Any CPU = Beta|Any CPU
		Debug|Any CPU = Debug|Any CPU
		Release|Any CPU = Release|Any CPU
	EndGlobalSection
	GlobalSection(ProjectConfigurationPlatforms) = postSolution
		{77F022A5-A001-4182-88B0-EF8D509BCC5E}.Beta|Any CPU.ActiveCfg = Beta|Any CPU
		{77F022A5-A001-4182-88B0-EF8D509BCC5E}.Beta|Any CPU.Build.0 = Beta|Any CPU
		{77F022A5-A001-4182-88B0-EF8D509BCC5E}.Debug|Any CPU.ActiveCfg = Debug|Any CPU
		{77F022A5-A001-4182-88B0-EF8D509BCC5E}.Debug|Any CPU.Build.0 = Debug|Any CPU
		{77F022A5-A001-4182-88B0-EF8D509BCC5E}.Release|Any CPU.ActiveCfg = Release|Any CPU
		{77F022A5-A001-4182-88B0-EF8D509BCC5E}.Release|Any CPU.Build.0 = Release|Any CPU
		{AFB5A221-9DA4-457D-8321-0740D1C1F136}.Beta|Any CPU.ActiveCfg = Release|Any CPU
		{AFB5A221-9DA4-457D-8321-0740D1C1F136}.Beta|Any CPU.Build.0 = Release|Any CPU
		{AFB5A221-9DA4-457D-8321-0740D1C1F136}.Debug|Any CPU.ActiveCfg = Debug|Any CPU
		{AFB5A221-9DA4-457D-8321-0740D1C1F136}.Debug|Any CPU.Build.0 = Debug|Any CPU
		{AFB5A221-9DA4-457D-8321-0740D1C1F136}.Release|Any CPU.ActiveCfg = Release|Any CPU
		{AFB5A221-9DA4-457D-8321-0740D1C1F136}.Release|Any CPU.Build.0 = Release|Any CPU
		{A3A04F03-B825-4DD2-82B7-478212272558}.Beta|Any CPU.ActiveCfg = Beta|Any CPU
		{A3A04F03-B825-4DD2-82B7-478212272558}.Beta|Any CPU.Build.0 = Beta|Any CPU
		{A3A04F03-B825-4DD2-82B7-478212272558}.Debug|Any CPU.ActiveCfg = Debug|Any CPU
		{A3A04F03-B825-4DD2-82B7-478212272558}.Debug|Any CPU.Build.0 = Debug|Any CPU
		{A3A04F03-B825-4DD2-82B7-478212272558}.Release|Any CPU.ActiveCfg = Release|Any CPU
		{A3A04F03-B825-4DD2-82B7-478212272558}.Release|Any CPU.Build.0 = Release|Any CPU
	EndGlobalSection
	GlobalSection(SolutionProperties) = preSolution
		HideSolutionNode = FALSE
	EndGlobalSection
	GlobalSection(ExtensibilityGlobals) = postSolution
		SolutionGuid = {BE361C04-CAD2-42A7-AEAE-F51B848F3B21}
	EndGlobalSection
EndGlobal
